
Microsoft Visual Studio Solution File, Format Version 12.00
# Visual Studio Version 16
VisualStudioVersion = 16.0.30320.27
MinimumVisualStudioVersion = 10.0.40219.1
Project("{FAE04EC0-301F-11D3-BF4B-00C04F79EFBC}") = "QueueLinkedListProject", "QueueLinkedListProject\QueueLinkedListProject.csproj", "{33F5C1CF-E182-4575-B433-7B5C3B99EC73}"
EndProject
Global
	GlobalSection(SolutionConfigurationPlatforms) = preSolution
		Debug|Any CPU = Debug|Any CPU
		Release|Any CPU = Release|Any CPU
	EndGlobalSection
	GlobalSection(ProjectConfigurationPlatforms) = postSolution
		{33F5C1CF-E182-4575-B433-7B5C3B99EC73}.Debug|Any CPU.ActiveCfg = Debug|Any CPU
		{33F5C1CF-E182-4575-B433-7B5C3B99EC73}.Debug|Any CPU.Build.0 = Debug|Any CPU
		{33F5C1CF-E182-4575-B433-7B5C3B99EC73}.Release|Any CPU.ActiveCfg = Release|Any CPU
		{33F5C1CF-E182-4575-B433-7B5C3B99EC73}.Release|Any CPU.Build.0 = Release|Any CPU
	EndGlobalSection
	GlobalSection(SolutionProperties) = preSolution
		HideSolutionNode = FALSE
	EndGlobalSection
	GlobalSection(ExtensibilityGlobals) = postSolution
		SolutionGuid = {2B7073A7-ABE1-4EEA-8C3B-CB3EE50E1FAC}
	EndGlobalSection
EndGlobal
